{
  "name": "analyzer-cli",
  "version": "1.0.0",
  "lockfileVersion": 3,
  "requires": true,
  "packages": {
    "": {
      "name": "analyzer-cli",
      "version": "1.0.0",
      "license": "ISC"
    },
    "../analyzer": {
      "name": "mutationmap-analyzer",
      "version": "1.0.0",
      "extraneous": true,
      "license": "ISC",
      "dependencies": {
        "ts-morph": "^28.0.0"
      },
      "devDependencies": {
        "@types/node": "^26.1.1",
        "typescript": "^7.0.2"
      }
    }
  }
}
